
Microsoft Visual Studio Solution File, Format Version 12.00
# Visual Studio Version 16
VisualStudioVersion = 16.0.28803.352
MinimumVisualStudioVersion = 10.0.40219.1
Project("{FAE04EC0-301F-11D3-BF4B-00C04F79EFBC}") = "Derailer", "Derailer\Derailer.csproj", "{AA89664A-2164-482C-8154-735F93E21FA0}"
EndProject
Project("{FAE04EC0-301F-11D3-BF4B-00C04F79EFBC}") = "LibDerailer", "LibDerailer\LibDerailer.csproj", "{1B630887-B548-4021-83FB-FCF72448448C}"
EndProject
Project("{FAE04EC0-301F-11D3-BF4B-00C04F79EFBC}") = "LibDerailerTest", "LibDerailerTest\LibDerailerTest.csproj", "{BDADBD83-A6FC-4064-BB16-1D36AB720B40}"
EndProject
Global
	GlobalSection(SolutionConfigurationPlatforms) = preSolution
		Debug|Any CPU = Debug|Any CPU
		Release|Any CPU = Release|Any CPU
	EndGlobalSection
	GlobalSection(ProjectConfigurationPlatforms) = postSolution
		{AA89664A-2164-482C-8154-735F93E21FA0}.Debug|Any CPU.ActiveCfg = Debug|Any CPU
		{AA89664A-2164-482C-8154-735F93E21FA0}.Debug|Any CPU.Build.0 = Debug|Any CPU
		{AA89664A-2164-482C-8154-735F93E21FA0}.Release|Any CPU.ActiveCfg = Release|Any CPU
		{AA89664A-2164-482C-8154-735F93E21FA0}.Release|Any CPU.Build.0 = Release|Any CPU
		{1B630887-B548-4021-83FB-FCF72448448C}.Debug|Any CPU.ActiveCfg = Debug|Any CPU
		{1B630887-B548-4021-83FB-FCF72448448C}.Debug|Any CPU.Build.0 = Debug|Any CPU
		{1B630887-B548-4021-83FB-FCF72448448C}.Release|Any CPU.ActiveCfg = Release|Any CPU
		{1B630887-B548-4021-83FB-FCF72448448C}.Release|Any CPU.Build.0 = Release|Any CPU
		{BDADBD83-A6FC-4064-BB16-1D36AB720B40}.Debug|Any CPU.ActiveCfg = Debug|Any CPU
		{BDADBD83-A6FC-4064-BB16-1D36AB720B40}.Debug|Any CPU.Build.0 = Debug|Any CPU
		{BDADBD83-A6FC-4064-BB16-1D36AB720B40}.Release|Any CPU.ActiveCfg = Release|Any CPU
		{BDADBD83-A6FC-4064-BB16-1D36AB720B40}.Release|Any CPU.Build.0 = Release|Any CPU
	EndGlobalSection
	GlobalSection(SolutionProperties) = preSolution
		HideSolutionNode = FALSE
	EndGlobalSection
	GlobalSection(ExtensibilityGlobals) = postSolution
		SolutionGuid = {62EDB335-DBA5-4B94-B92E-4911D081E452}
	EndGlobalSection
EndGlobal
